{
  "projects": [
    {
      "projectId": "gLnoj82AzKVVT7qXiqAbHD",
      "version": "2.15.0",
      "dependencies": {},
      "lang": "js",
      "fileLocks": [
        {
          "assetId": "gLnoj82AzKVVT7qXiqAbHD",
          "type": "projectCss",
          "checksum": "1c02168c6b23256606111fdfdbb63549"
        },
        {
          "type": "renderModule",
          "assetId": "lBHNzts6tFyj",
          "checksum": "84623a18268bfe02f309f5136079f50c"
        },
        {
          "type": "cssRules",
          "assetId": "lBHNzts6tFyj",
          "checksum": "84623a18268bfe02f309f5136079f50c"
        },
        {
          "type": "icon",
          "assetId": "zq2s7N0xWucT",
          "checksum": "bd85295cedaeac0de29b4aa0716fc5ad"
        },
        {
          "type": "icon",
          "assetId": "8K40faRNhuCj",
          "checksum": "d2e49d902b3cffb3c7e3d761d5f3f5af"
        }
      ],
      "codegenVersion": "0.0.1"
    },
    {
      "projectId": "gmeH6XgPaBtkt51HunAo4g",
      "version": "18.18.0",
      "dependencies": {},
      "lang": "js",
      "fileLocks": [
        {
          "assetId": "gmeH6XgPaBtkt51HunAo4g",
          "type": "projectCss",
          "checksum": "1c02168c6b23256606111fdfdbb63549"
        }
      ],
      "codegenVersion": "0.0.1"
    },
    {
      "projectId": "YUiM7yqBWAqsh8KSnrdj7",
      "version": "0.34.0",
      "dependencies": {},
      "lang": "js",
      "fileLocks": [
        {
          "assetId": "YUiM7yqBWAqsh8KSnrdj7",
          "type": "projectCss",
          "checksum": "21b499a9da4edbc2266c72c2ba127787"
        }
      ],
      "codegenVersion": "0.0.1"
    },
    {
      "projectId": "caTPwKxj5ZrD9LQ7DMdK4Z",
      "version": "3.41.0",
      "dependencies": {},
      "lang": "js",
      "fileLocks": [
        {
          "assetId": "caTPwKxj5ZrD9LQ7DMdK4Z",
          "type": "projectCss",
          "checksum": "1c02168c6b23256606111fdfdbb63549"
        }
      ],
      "codegenVersion": "0.0.1"
    },
    {
      "projectId": "r3ASNrnyvLLLAtDvzUioQ",
      "version": "4.9.0",
      "dependencies": {},
      "lang": "js",
      "fileLocks": [
        {
          "assetId": "r3ASNrnyvLLLAtDvzUioQ",
          "type": "projectCss",
          "checksum": "1c02168c6b23256606111fdfdbb63549"
        }
      ],
      "codegenVersion": "0.0.1"
    },
    {
      "projectId": "ohDidvG9XsCeFumugENU3J",
      "version": "6.30.0",
      "dependencies": {},
      "lang": "js",
      "fileLocks": [
        {
          "assetId": "ohDidvG9XsCeFumugENU3J",
          "type": "projectCss",
          "checksum": "ba2a60a163fca4f4d510275088a2be53"
        },
        {
          "assetId": "ohDidvG9XsCeFumugENU3J",
          "checksum": "f9cc098ce5640eefe7d9edb8470a210c",
          "type": "globalContexts"
        }
      ],
      "codegenVersion": "0.0.1"
    },
    {
      "projectId": "7nJ7UcFmq9UzB6eXfC5z4a",
      "version": "0.32.0",
      "dependencies": {},
      "lang": "js",
      "fileLocks": [
        {
          "assetId": "7nJ7UcFmq9UzB6eXfC5z4a",
          "type": "projectCss",
          "checksum": "01e8cee5b9ce00fbc93f494c2a40dbf1"
        }
      ],
      "codegenVersion": "0.0.1"
    },
    {
      "projectId": "vqCYb2b7hLWP5fdSvXKe7g",
      "version": "latest",
      "dependencies": {
        "7nJ7UcFmq9UzB6eXfC5z4a": "0.32.0",
        "ohDidvG9XsCeFumugENU3J": "6.30.0",
        "r3ASNrnyvLLLAtDvzUioQ": "4.9.0",
        "caTPwKxj5ZrD9LQ7DMdK4Z": "3.41.0",
        "YUiM7yqBWAqsh8KSnrdj7": "0.34.0",
        "gmeH6XgPaBtkt51HunAo4g": "18.18.0",
        "gLnoj82AzKVVT7qXiqAbHD": "2.15.0"
      },
      "lang": "js",
      "fileLocks": [
        {
          "type": "globalVariant",
          "assetId": "UNNaIS43VvNF",
          "checksum": "6de89c93a0c682d21567ee10e6e20783"
        },
        {
          "assetId": "vqCYb2b7hLWP5fdSvXKe7g",
          "checksum": "bcc1c6160af620db8c6697edde90ef69",
          "type": "globalContexts"
        },
        {
          "type": "renderModule",
          "assetId": "3jCrQ0KfPvDq",
          "checksum": "9bec8761116efa6e30ca4af1119a9415"
        },
        {
          "type": "cssRules",
          "assetId": "3jCrQ0KfPvDq",
          "checksum": "9bec8761116efa6e30ca4af1119a9415"
        },
        {
          "type": "renderModule",
          "assetId": "JlZE_UpCnEsq",
          "checksum": "04a53983aad8db23dab826940e288d5d"
        },
        {
          "type": "cssRules",
          "assetId": "JlZE_UpCnEsq",
          "checksum": "04a53983aad8db23dab826940e288d5d"
        },
        {
          "type": "renderModule",
          "assetId": "sRn2-bHz6HgN",
          "checksum": "2fdbd073c8175f6a39df0bcd3c2d03e8"
        },
        {
          "type": "cssRules",
          "assetId": "sRn2-bHz6HgN",
          "checksum": "2fdbd073c8175f6a39df0bcd3c2d03e8"
        },
        {
          "type": "renderModule",
          "assetId": "qDkIQgIGzzHX",
          "checksum": "a8608e25a1d4c536d280ac1e9000be70"
        },
        {
          "type": "cssRules",
          "assetId": "qDkIQgIGzzHX",
          "checksum": "a8608e25a1d4c536d280ac1e9000be70"
        },
        {
          "type": "renderModule",
          "assetId": "9AUvb_VWiKJR",
          "checksum": "38fd38d5a354d9c777ed12ec95a4fe9d"
        },
        {
          "type": "cssRules",
          "assetId": "9AUvb_VWiKJR",
          "checksum": "38fd38d5a354d9c777ed12ec95a4fe9d"
        },
        {
          "type": "renderModule",
          "assetId": "l2-ucxw7CvPM",
          "checksum": "ef8f8c86773038c69099e6148769576b"
        },
        {
          "type": "cssRules",
          "assetId": "l2-ucxw7CvPM",
          "checksum": "ef8f8c86773038c69099e6148769576b"
        },
        {
          "type": "renderModule",
          "assetId": "lsj2lsPFgZdL",
          "checksum": "d5916b4e295d8e4a11710b29c8bb0201"
        },
        {
          "type": "cssRules",
          "assetId": "lsj2lsPFgZdL",
          "checksum": "d5916b4e295d8e4a11710b29c8bb0201"
        },
        {
          "type": "renderModule",
          "assetId": "H5mAYWyWYBfw",
          "checksum": "2a38973bd4ed68eda8d5a7b22b5f888c"
        },
        {
          "type": "cssRules",
          "assetId": "H5mAYWyWYBfw",
          "checksum": "2a38973bd4ed68eda8d5a7b22b5f888c"
        },
        {
          "type": "renderModule",
          "assetId": "EukhLx7Veq-I",
          "checksum": "63a0fa991343f501cc88c99f51284ad4"
        },
        {
          "type": "cssRules",
          "assetId": "EukhLx7Veq-I",
          "checksum": "63a0fa991343f501cc88c99f51284ad4"
        },
        {
          "type": "renderModule",
          "assetId": "XE3S3_F35mCU",
          "checksum": "293631172736c8835d815421ac20fb29"
        },
        {
          "type": "cssRules",
          "assetId": "XE3S3_F35mCU",
          "checksum": "293631172736c8835d815421ac20fb29"
        },
        {
          "type": "renderModule",
          "assetId": "8OhaiNWOT655",
          "checksum": "c7b0aab3ca7b6324bcbc2b435f09e5a0"
        },
        {
          "type": "cssRules",
          "assetId": "8OhaiNWOT655",
          "checksum": "c7b0aab3ca7b6324bcbc2b435f09e5a0"
        },
        {
          "type": "renderModule",
          "assetId": "LB-H7qHGKMki",
          "checksum": "b34ecf43e40a55278b1a519f35032d2e"
        },
        {
          "type": "cssRules",
          "assetId": "LB-H7qHGKMki",
          "checksum": "b34ecf43e40a55278b1a519f35032d2e"
        },
        {
          "type": "renderModule",
          "assetId": "VFq-mItDTtzM",
          "checksum": "0672db05e549305c56b4799b836d8757"
        },
        {
          "type": "cssRules",
          "assetId": "VFq-mItDTtzM",
          "checksum": "0672db05e549305c56b4799b836d8757"
        },
        {
          "type": "renderModule",
          "assetId": "nCt4jFntNzpF",
          "checksum": "94bb8aeecb905ff904b5ed863bc21a57"
        },
        {
          "type": "cssRules",
          "assetId": "nCt4jFntNzpF",
          "checksum": "94bb8aeecb905ff904b5ed863bc21a57"
        },
        {
          "type": "renderModule",
          "assetId": "RfvNCco5N0To",
          "checksum": "863ed4a35894752d47d437da5438a69a"
        },
        {
          "type": "cssRules",
          "assetId": "RfvNCco5N0To",
          "checksum": "863ed4a35894752d47d437da5438a69a"
        },
        {
          "type": "renderModule",
          "assetId": "TmWqxKMkHHIo",
          "checksum": "0bb6a493e6a97f26b88e40184452b467"
        },
        {
          "type": "cssRules",
          "assetId": "TmWqxKMkHHIo",
          "checksum": "0bb6a493e6a97f26b88e40184452b467"
        },
        {
          "type": "renderModule",
          "assetId": "U44kK7A0RrhO",
          "checksum": "13004e99554850aab017ca2544455298"
        },
        {
          "type": "cssRules",
          "assetId": "U44kK7A0RrhO",
          "checksum": "13004e99554850aab017ca2544455298"
        },
        {
          "type": "renderModule",
          "assetId": "QR_t6FoGThXW",
          "checksum": "a3a13d7eeb98d0177f4777fe29ae38a8"
        },
        {
          "type": "cssRules",
          "assetId": "QR_t6FoGThXW",
          "checksum": "a3a13d7eeb98d0177f4777fe29ae38a8"
        },
        {
          "type": "renderModule",
          "assetId": "poRsrDl7MvPt",
          "checksum": "b23bc602cca0d69762baae6c10d55173"
        },
        {
          "type": "cssRules",
          "assetId": "poRsrDl7MvPt",
          "checksum": "b23bc602cca0d69762baae6c10d55173"
        },
        {
          "type": "renderModule",
          "assetId": "00eWS0fclycn",
          "checksum": "95639e158884184f2e84a8cf519b8c12"
        },
        {
          "type": "cssRules",
          "assetId": "00eWS0fclycn",
          "checksum": "95639e158884184f2e84a8cf519b8c12"
        },
        {
          "type": "renderModule",
          "assetId": "ZllxQYrS4va2",
          "checksum": "c37402a70543b9d2dfbc7bd8e749b06a"
        },
        {
          "type": "cssRules",
          "assetId": "ZllxQYrS4va2",
          "checksum": "c37402a70543b9d2dfbc7bd8e749b06a"
        },
        {
          "type": "icon",
          "assetId": "L3-2b3legiGN",
          "checksum": "a947e0f8f688024a1459b82e741c143a"
        },
        {
          "type": "icon",
          "assetId": "L9C6uHIqa_Im",
          "checksum": "93d8aee08530298ac2173747cea79cc3"
        },
        {
          "type": "icon",
          "assetId": "8AneqvOP5tZq",
          "checksum": "18c8b32a4fb06fba688c9e63cddefbb0"
        },
        {
          "type": "icon",
          "assetId": "WNXItNZeyPBz",
          "checksum": "113ee8b41269d2c1b2131e6e7f51f5d5"
        },
        {
          "type": "icon",
          "assetId": "Si-gTIDY239G",
          "checksum": "9cd0b511ff3f8b91568b5a5c03dd08fa"
        },
        {
          "type": "icon",
          "assetId": "kJSXxvSFoZCs",
          "checksum": "eda8296d63f34860125e9c6aae519084"
        },
        {
          "type": "icon",
          "assetId": "j7CwBRyl1Fpz",
          "checksum": "42b0b9b2c2a33cffe536fa73605ab006"
        },
        {
          "type": "icon",
          "assetId": "fNYP6iSctaF1",
          "checksum": "d2cd2aff53d10991c716b170f851e26d"
        },
        {
          "type": "icon",
          "assetId": "Xi7XE3hyjyJT",
          "checksum": "e271aa4992eb68f418087e44bc01cf8c"
        },
        {
          "type": "icon",
          "assetId": "hRUfnTSeGnlb",
          "checksum": "660bb36e56229c101b3abf3e2bfa286e"
        },
        {
          "type": "icon",
          "assetId": "fMuaxndELgXl",
          "checksum": "9d4f8e32c83b01dfcd431e4f431f9e04"
        },
        {
          "type": "icon",
          "assetId": "jjQ9fZu8jJX0",
          "checksum": "5c4160583d22e9ad226e509f80799d02"
        },
        {
          "type": "icon",
          "assetId": "zrTQkukwxJGV",
          "checksum": "5eaef242a5a3178a7ddf5c14ad327b41"
        },
        {
          "type": "icon",
          "assetId": "bbnD8h4ldXog",
          "checksum": "3331d06dc444ce2f558c87b31d4d5125"
        },
        {
          "type": "icon",
          "assetId": "eaYA6He5fzX0",
          "checksum": "f437b33bbb90726396f85f305e908935"
        },
        {
          "type": "icon",
          "assetId": "bV5FzCtGiJvd",
          "checksum": "02620ff202287882f7c109d61aab6140"
        },
        {
          "type": "icon",
          "assetId": "0UbWV48NIvy6",
          "checksum": "812e9f673d5b2a04f1d524cc7ba765bc"
        },
        {
          "type": "icon",
          "assetId": "JagQpLsYCZo_",
          "checksum": "f993235764d39b92e2f064f77d3445d5"
        },
        {
          "type": "icon",
          "assetId": "X6yfQQfulV5Q",
          "checksum": "0ab4873a569ec1b9e203dce86ba9ae22"
        },
        {
          "type": "icon",
          "assetId": "ovHmcodcZzAz",
          "checksum": "14769d5c2fc56c4fc99e337812f882a9"
        },
        {
          "type": "icon",
          "assetId": "1NVXGA7OHLvh",
          "checksum": "9b31864c3525c08ebea2fad504c34f8c"
        },
        {
          "type": "icon",
          "assetId": "FI3fXWEAL6oa",
          "checksum": "c1fff4434e4ffa97695c39f7cb5edaf1"
        },
        {
          "type": "icon",
          "assetId": "3799jChm8Q-m",
          "checksum": "0f5eb5312898c800d3728961c4e54ed2"
        },
        {
          "type": "image",
          "assetId": "GZh4bS1kbE-U",
          "checksum": "0913a8408f411cd2abc475a656b43455"
        },
        {
          "type": "image",
          "assetId": "TN2GYMqZWP2n",
          "checksum": "55ff391edf013dca88db7a6c18289e7f"
        },
        {
          "type": "image",
          "assetId": "e_y4KqeLv8Bi",
          "checksum": "0f756ba9860aeb531972928b5c18efd3"
        },
        {
          "type": "image",
          "assetId": "l8V8epMfmS9_",
          "checksum": "b7351521394ef3e80b53606fd91054d8"
        },
        {
          "type": "image",
          "assetId": "DyK_9xZ5KHCG",
          "checksum": "958ef84d5e267ccd8221c0862c9ad0e9"
        },
        {
          "type": "image",
          "assetId": "PfPTXOHQ5e8M",
          "checksum": "7b4576773664ae39be5068685fd521db"
        },
        {
          "type": "image",
          "assetId": "mfknQE3hwdQx",
          "checksum": "9f01793536cd7b0a138bcdb3a95da5b6"
        },
        {
          "type": "image",
          "assetId": "z-Ehprb8zIto",
          "checksum": "5fd905ea49b3a9afec238dd783042510"
        },
        {
          "type": "image",
          "assetId": "5gX9kz2EVe4i",
          "checksum": "563c038957cf205f10988a674a168c2a"
        },
        {
          "type": "image",
          "assetId": "lFHB6FiD1U2L",
          "checksum": "e69802ab988da0c6f9c9ee63295ede51"
        },
        {
          "type": "image",
          "assetId": "rWdBLxq3Ggp4",
          "checksum": "d12719fae3aed8e4611044188d1749ec"
        },
        {
          "type": "image",
          "assetId": "7zk3KtPfA_02",
          "checksum": "25785dc98e8b78b1296f01ee7d4a5978"
        },
        {
          "type": "image",
          "assetId": "5K7S35psp_fN",
          "checksum": "1ea41c4a3b251579840514b93e1e612f"
        },
        {
          "type": "image",
          "assetId": "4DI9zHiaonc9",
          "checksum": "59fa80f9cdb18dca7f6d6357dfa43dcc"
        },
        {
          "type": "image",
          "assetId": "i8s_FWeiNuLI",
          "checksum": "d36a7eda689d167965c720048de58354"
        },
        {
          "type": "image",
          "assetId": "yWKfKsczjJjg",
          "checksum": "19e0937bbad6087042a302846192f17a"
        },
        {
          "type": "image",
          "assetId": "yA1awRQjo7KC",
          "checksum": "4cad8bf7a12723ee2711fc22dc0f8620"
        },
        {
          "type": "image",
          "assetId": "TdBkMi4ei3I8",
          "checksum": "a8a869ac1f2c0faf09e05092072962da"
        },
        {
          "type": "image",
          "assetId": "ZEXc0EObjPtV",
          "checksum": "7639a0482b32b9bc2aca316831e10f7c"
        },
        {
          "type": "image",
          "assetId": "03Mny57E0S9E",
          "checksum": "a1c31d2e6885c3c717c387c915371622"
        },
        {
          "type": "image",
          "assetId": "fqYxwGFT9xpx",
          "checksum": "3c26ed198774ce6bfc7d5e81ad625917"
        },
        {
          "type": "image",
          "assetId": "-jt0naZWh__J",
          "checksum": "896d9520a51b8c209f75a26d8dced379"
        },
        {
          "type": "image",
          "assetId": "n26WM3_QJy9z",
          "checksum": "ea9ec82f4ac475490812927f9d3ac90c"
        },
        {
          "type": "image",
          "assetId": "wdUYy4b7MjX8",
          "checksum": "a8d5796078bf7c40f5e6453915a8eb92"
        },
        {
          "type": "image",
          "assetId": "xO1sdJHMG2u9",
          "checksum": "b2d8fca9ef044a8ff8ed36d665b169fc"
        },
        {
          "type": "image",
          "assetId": "sNFGl-YJiL2u",
          "checksum": "708eafcd9cfdee4012646515552d02b3"
        },
        {
          "type": "image",
          "assetId": "Q8xX8P5nXYk6",
          "checksum": "c3588570777d5f8f1e2b1bc8509f557b"
        },
        {
          "type": "image",
          "assetId": "HTb7rgNGXqjm",
          "checksum": "e4b544c1619dd457dd7d80382b38d256"
        },
        {
          "type": "image",
          "assetId": "K_oLm5h9hBvz",
          "checksum": "6935a2b83ebefc59745eea98db70e5f7"
        },
        {
          "type": "image",
          "assetId": "shTc-RckfC3F",
          "checksum": "e2cedec1d3dd088f0f72392c3f076a7c"
        },
        {
          "type": "image",
          "assetId": "db8DqnKWQ2NA",
          "checksum": "633fc6e43d5771941741003912babb2d"
        },
        {
          "type": "image",
          "assetId": "eamiTASEccvd",
          "checksum": "25e3f3972d2bf922b6b170d2b09339a1"
        },
        {
          "type": "image",
          "assetId": "J32JT2vCWGnY",
          "checksum": "3837ddabd1e82c7f1e8189eff6c2a389"
        },
        {
          "type": "image",
          "assetId": "SY0yM9ATN7P-",
          "checksum": "1681c6fd7b1d4186494af61b4dc9349b"
        },
        {
          "type": "image",
          "assetId": "8oruY9kbU_r9",
          "checksum": "ba9abfcb018ed3c1c9e9ed4f9d842155"
        },
        {
          "type": "image",
          "assetId": "OsSKmCzBDzw3",
          "checksum": "7615d1a7cce383477a900dab7f3419fa"
        },
        {
          "type": "image",
          "assetId": "0X9LIxvchXhc",
          "checksum": "dc21cb3345253eae567d6c70df6bfd23"
        },
        {
          "type": "image",
          "assetId": "DXSNFN2CeCiz",
          "checksum": "c17091f31be6510d2f847d589e9af0bd"
        },
        {
          "type": "image",
          "assetId": "exnaXOd8267N",
          "checksum": "61814e8e96f9e8699a826f5977bbfdfb"
        },
        {
          "type": "image",
          "assetId": "_baKfsYajBep",
          "checksum": "022a8379290f16da8132baf87acfffec"
        },
        {
          "type": "image",
          "assetId": "RBbmGQ2QH0EY",
          "checksum": "1ddd21d6bab715c884a46ca1bce29598"
        },
        {
          "type": "image",
          "assetId": "-vt6c3k-NRvo",
          "checksum": "af7ff94b57ed5e998f49d9a09111245a"
        },
        {
          "type": "image",
          "assetId": "GirRhCSXw8uh",
          "checksum": "ae3900f963f43301135407ed1a58c651"
        },
        {
          "type": "image",
          "assetId": "NRdXgPp-5T8p",
          "checksum": "c6d195beda4c5ac19493426187c052da"
        },
        {
          "type": "image",
          "assetId": "U_3TxYsSJjMG",
          "checksum": "c2b30b2b96072b67bb7ec493948e09c9"
        },
        {
          "type": "image",
          "assetId": "TWx65sxjT9ze",
          "checksum": "27dc961fe94ccf40d2ba60efc5842699"
        },
        {
          "type": "image",
          "assetId": "aDznSSJs1sMm",
          "checksum": "b5a623ad934eb5e6323355bf92368388"
        },
        {
          "type": "image",
          "assetId": "AstTe34UlLWW",
          "checksum": "aabda455b718d6c36dc9c55b937506c0"
        },
        {
          "type": "image",
          "assetId": "Waq9iYo0leoI",
          "checksum": "0963aac77b07a79bab89acb159d4f40d"
        },
        {
          "type": "image",
          "assetId": "hpTtJD923_eL",
          "checksum": "6e491d3f844e7251ee447f66996d1890"
        },
        {
          "type": "image",
          "assetId": "Qcui4eX8CWqk",
          "checksum": "0534b86df11df958dbab50b585cdabe0"
        },
        {
          "type": "image",
          "assetId": "pTPUAirmfV-O",
          "checksum": "e14d9d7dd8d4e0b9e273d50e46163e1c"
        },
        {
          "type": "image",
          "assetId": "FFIf3iTIHJqd",
          "checksum": "ee514b37a582911e0ef1fc6cab9340b0"
        },
        {
          "type": "image",
          "assetId": "W6IBHbNscgtV",
          "checksum": "f4c9c2d8218967373abd81c97a91e2ce"
        },
        {
          "type": "image",
          "assetId": "wKHR_qRoJUlk",
          "checksum": "cdd7e32c642847d8c8cbaa1fc50b6722"
        },
        {
          "type": "image",
          "assetId": "4XHfiPyJPp05",
          "checksum": "a708b9a55b77f87912834ae6cdf89331"
        },
        {
          "type": "image",
          "assetId": "ftxBHCvHTtsN",
          "checksum": "8d63f36e317b309f567a989a8cfbc0bf"
        },
        {
          "type": "image",
          "assetId": "ZnSU0GYuFy-7",
          "checksum": "33d8f92094299ad9ebfc5b0bcae53679"
        },
        {
          "type": "image",
          "assetId": "k3nhuUDrMQHv",
          "checksum": "1ef283d081f13bc7b5690712fbf3c3af"
        },
        {
          "type": "image",
          "assetId": "6sVLFkZxapM3",
          "checksum": "1f45808d1871f4a551aff2d75dde12f7"
        },
        {
          "type": "image",
          "assetId": "lsnfLPwgfcOQ",
          "checksum": "6f93975ec30550726849f15e003f454b"
        },
        {
          "type": "image",
          "assetId": "ghoaEAgSr17f",
          "checksum": "ebcf62214cab43facffd4150fb642808"
        },
        {
          "type": "image",
          "assetId": "LZoxTfjC5eHV",
          "checksum": "c2b0bb51704caba094d4e37f8b15839c"
        },
        {
          "assetId": "vqCYb2b7hLWP5fdSvXKe7g",
          "type": "projectCss",
          "checksum": "45ae356d4ed63e8ed94700fc09762b0a"
        }
      ],
      "codegenVersion": "0.0.1"
    }
  ],
  "cliVersion": "0.1.338"
}
